<?xml version="1.0" encoding="UTF-8" standalone="yes" ?>
<CodeBlocks_project_file>
	<FileVersion major="1" minor="6" />
	<Project>
		<Option title="avir_example" />
		<Option pch_mode="2" />
		<Option compiler="gcc" />
		<Build>
			<Target title="Debug">
				<Option output="bin/avir_example/Debug/avir_example" prefix_auto="1" extension_auto="1" />
				<Option object_output="obj/avir_example/Debug/" />
				<Option type="1" />
				<Option compiler="gcc" />
				<Compiler>
					<Add option="-g" />
				</Compiler>
			</Target>
			<Target title="Release">
				<Option output="bin/avir_example/Release/avir_example" prefix_auto="1" extension_auto="1" />
				<Option object_output="obj/avir_example/Release/" />
				<Option type="1" />
				<Option compiler="gcc" />
				<Compiler>
					<Add option="-O3" />
					<Add option="-DNDEBUG" />
				</Compiler>
				<Linker>
					<Add option="-s" />
				</Linker>
			</Target>
		</Build>
		<Compiler>
			<Add option="-std=c++2a" />
			<Add option="-m64" />
			<Add option="-fexceptions" />
			<Add directory="../include" />
			<Add directory="../include/external/asmjit/src" />
		</Compiler>
		<Linker>
			<Add option="-static" />
			<Add option="-m64" />
		</Linker>
		<ExtraCommands>
			<Add after="cmd /c copy ..\resources\example_resources\avir_example\fonts\*.ttf $(TARGET_OUTPUT_DIR)" />
			<Mode after="always" />
		</ExtraCommands>
		<Unit filename="avir_example.cpp" />
		<Unit filename="../include/blend2d.cpp" />
		<Extensions>
			<code_completion />
			<envvars />
			<debugger />
		</Extensions>
	</Project>
</CodeBlocks_project_file>
